// !$*UTF8*$!
{
	archiveVersion = 1;
	classes = {
	};
	objectVersion = 46;
	objects = {

/* Begin PBXBuildFile section */
		A412180C1798F18C000CAEC8 /* UIKit.framework in Frameworks */ = {isa = PBXBuildFile; fileRef = A412180B1798F18C000CAEC8 /* UIKit.framework */; };
		A412180E1798F18C000CAEC8 /* Foundation.framework in Frameworks */ = {isa = PBXBuildFile; fileRef = A412180D1798F18C000CAEC8 /* Foundation.framework */; };
		A41218101798F18C000CAEC8 /* CoreGraphics.framework in Frameworks */ = {isa = PBXBuildFile; fileRef = A412180F1798F18C000CAEC8 /* CoreGraphics.framework */; };
		A41218121798F18C000CAEC8 /* CoreData.framework in Frameworks */ = {isa = PBXBuildFile; fileRef = A41218111798F18C000CAEC8 /* CoreData.framework */; };
		A41218181798F18C000CAEC8 /* InfoPlist.strings in Resources */ = {isa = PBXBuildFile; fileRef = A41218161798F18C000CAEC8 /* InfoPlist.strings */; };
		A412181A1798F18C000CAEC8 /* main.m in Sources */ = {isa = PBXBuildFile; fileRef = A41218191798F18C000CAEC8 /* main.m */; };
		A412181E1798F18C000CAEC8 /* AppDelegate.m in Sources */ = {isa = PBXBuildFile; fileRef = A412181D1798F18C000CAEC8 /* AppDelegate.m */; };
		A41218201798F18C000CAEC8 /* Default.png in Resources */ = {isa = PBXBuildFile; fileRef = A412181F1798F18C000CAEC8 /* Default.png */; };
		A41218221798F18C000CAEC8 /* Default@2x.png in Resources */ = {isa = PBXBuildFile; fileRef = A41218211798F18C000CAEC8 /* Default@2x.png */; };
		A41218241798F18C000CAEC8 /* Default-568h@2x.png in Resources */ = {isa = PBXBuildFile; fileRef = A41218231798F18C000CAEC8 /* Default-568h@2x.png */; };
		A41218271798F18C000CAEC8 /* MainStoryboard.storyboard in Resources */ = {isa = PBXBuildFile; fileRef = A41218251798F18C000CAEC8 /* MainStoryboard.storyboard */; };
		A412182A1798F18C000CAEC8 /* ToDoApp.xcdatamodeld in Sources */ = {isa = PBXBuildFile; fileRef = A41218281798F18C000CAEC8 /* ToDoApp.xcdatamodeld */; };
		A412182D1798F18C000CAEC8 /* MasterViewController.m in Sources */ = {isa = PBXBuildFile; fileRef = A412182C1798F18C000CAEC8 /* MasterViewController.m */; };
		A41218301798F18C000CAEC8 /* DetailViewController.m in Sources */ = {isa = PBXBuildFile; fileRef = A412182F1798F18C000CAEC8 /* DetailViewController.m */; };
		A4312001179A4BB100D1DCF9 /* NotePad.png in Resources */ = {isa = PBXBuildFile; fileRef = A4312000179A4BB100D1DCF9 /* NotePad.png */; };
		A4312004179A5DFC00D1DCF9 /* CustomCell.m in Sources */ = {isa = PBXBuildFile; fileRef = A4312003179A5DFC00D1DCF9 /* CustomCell.m */; };
		A4312033179B000200D1DCF9 /* TodoItem.m in Sources */ = {isa = PBXBuildFile; fileRef = A4312032179B000200D1DCF9 /* TodoItem.m */; };
		A43D8F65179CE67600A03D0B /* LoginViewController.m in Sources */ = {isa = PBXBuildFile; fileRef = A43D8F64179CE67600A03D0B /* LoginViewController.m */; };
		A45EB1EA179B1EBC00779739 /* Box.png in Resources */ = {isa = PBXBuildFile; fileRef = A45EB1E8179B1EBC00779739 /* Box.png */; };
		A45EB1EB179B1EBC00779739 /* CheckMark.png in Resources */ = {isa = PBXBuildFile; fileRef = A45EB1E9179B1EBC00779739 /* CheckMark.png */; };
		A47D73A3179C648F007E194D /* CHANGELOG.md in Resources */ = {isa = PBXBuildFile; fileRef = A47D736C179C648F007E194D /* CHANGELOG.md */; };
		A47D73A4179C648F007E194D /* libstackmob-v2.0.0.a in Frameworks */ = {isa = PBXBuildFile; fileRef = A47D73A2179C648F007E194D /* libstackmob-v2.0.0.a */; };
		A47D73A6179C64B3007E194D /* MobileCoreServices.framework in Frameworks */ = {isa = PBXBuildFile; fileRef = A47D73A5179C64B3007E194D /* MobileCoreServices.framework */; };
		A47D73A8179C64BE007E194D /* Security.framework in Frameworks */ = {isa = PBXBuildFile; fileRef = A47D73A7179C64BE007E194D /* Security.framework */; };
		A47D73AA179C64C9007E194D /* SystemConfiguration.framework in Frameworks */ = {isa = PBXBuildFile; fileRef = A47D73A9179C64C9007E194D /* SystemConfiguration.framework */; };
		A47D73AC179C6671007E194D /* CoreLocation.framework in Frameworks */ = {isa = PBXBuildFile; fileRef = A47D73AB179C6671007E194D /* CoreLocation.framework */; };
		A47D73DA179C9A0C007E194D /* User.m in Sources */ = {isa = PBXBuildFile; fileRef = A47D73D9179C9A0C007E194D /* User.m */; };
/* End PBXBuildFile section */

/* Begin PBXFileReference section */
		A41218081798F18C000CAEC8 /* ToDoApp.app */ = {isa = PBXFileReference; explicitFileType = wrapper.application; includeInIndex = 0; path = ToDoApp.app; sourceTree = BUILT_PRODUCTS_DIR; };
		A412180B1798F18C000CAEC8 /* UIKit.framework */ = {isa = PBXFileReference; lastKnownFileType = wrapper.framework; name = UIKit.framework; path = System/Library/Frameworks/UIKit.framework; sourceTree = SDKROOT; };
		A412180D1798F18C000CAEC8 /* Foundation.framework */ = {isa = PBXFileReference; lastKnownFileType = wrapper.framework; name = Foundation.framework; path = System/Library/Frameworks/Foundation.framework; sourceTree = SDKROOT; };
		A412180F1798F18C000CAEC8 /* CoreGraphics.framework */ = {isa = PBXFileReference; lastKnownFileType = wrapper.framework; name = CoreGraphics.framework; path = System/Library/Frameworks/CoreGraphics.framework; sourceTree = SDKROOT; };
		A41218111798F18C000CAEC8 /* CoreData.framework */ = {isa = PBXFileReference; lastKnownFileType = wrapper.framework; name = CoreData.framework; path = System/Library/Frameworks/CoreData.framework; sourceTree = SDKROOT; };
		A41218151798F18C000CAEC8 /* ToDoApp-Info.plist */ = {isa = PBXFileReference; lastKnownFileType = text.plist.xml; path = "ToDoApp-Info.plist"; sourceTree = "<group>"; };
		A41218171798F18C000CAEC8 /* en */ = {isa = PBXFileReference; lastKnownFileType = text.plist.strings; name = en; path = en.lproj/InfoPlist.strings; sourceTree = "<group>"; };
		A41218191798F18C000CAEC8 /* main.m */ = {isa = PBXFileReference; lastKnownFileType = sourcecode.c.objc; path = main.m; sourceTree = "<group>"; };
		A412181B1798F18C000CAEC8 /* ToDoApp-Prefix.pch */ = {isa = PBXFileReference; lastKnownFileType = sourcecode.c.h; path = "ToDoApp-Prefix.pch"; sourceTree = "<group>"; };
		A412181C1798F18C000CAEC8 /* AppDelegate.h */ = {isa = PBXFileReference; lastKnownFileType = sourcecode.c.h; path = AppDelegate.h; sourceTree = "<group>"; };
		A412181D1798F18C000CAEC8 /* AppDelegate.m */ = {isa = PBXFileReference; lastKnownFileType = sourcecode.c.objc; path = AppDelegate.m; sourceTree = "<group>"; };
		A412181F1798F18C000CAEC8 /* Default.png */ = {isa = PBXFileReference; lastKnownFileType = image.png; path = Default.png; sourceTree = "<group>"; };
		A41218211798F18C000CAEC8 /* Default@2x.png */ = {isa = PBXFileReference; lastKnownFileType = image.png; path = "Default@2x.png"; sourceTree = "<group>"; };
		A41218231798F18C000CAEC8 /* Default-568h@2x.png */ = {isa = PBXFileReference; lastKnownFileType = image.png; path = "Default-568h@2x.png"; sourceTree = "<group>"; };
		A41218261798F18C000CAEC8 /* en */ = {isa = PBXFileReference; lastKnownFileType = file.storyboard; name = en; path = en.lproj/MainStoryboard.storyboard; sourceTree = "<group>"; };
		A41218291798F18C000CAEC8 /* ToDoApp.xcdatamodel */ = {isa = PBXFileReference; lastKnownFileType = wrapper.xcdatamodel; path = ToDoApp.xcdatamodel; sourceTree = "<group>"; };
		A412182B1798F18C000CAEC8 /* MasterViewController.h */ = {isa = PBXFileReference; lastKnownFileType = sourcecode.c.h; path = MasterViewController.h; sourceTree = "<group>"; };
		A412182C1798F18C000CAEC8 /* MasterViewController.m */ = {isa = PBXFileReference; lastKnownFileType = sourcecode.c.objc; path = MasterViewController.m; sourceTree = "<group>"; };
		A412182E1798F18C000CAEC8 /* DetailViewController.h */ = {isa = PBXFileReference; lastKnownFileType = sourcecode.c.h; path = DetailViewController.h; sourceTree = "<group>"; };
		A412182F1798F18C000CAEC8 /* DetailViewController.m */ = {isa = PBXFileReference; lastKnownFileType = sourcecode.c.objc; path = DetailViewController.m; sourceTree = "<group>"; };
		A4312000179A4BB100D1DCF9 /* NotePad.png */ = {isa = PBXFileReference; lastKnownFileType = image.png; name = NotePad.png; path = Images/NotePad.png; sourceTree = "<group>"; };
		A4312002179A5DFC00D1DCF9 /* CustomCell.h */ = {isa = PBXFileReference; fileEncoding = 4; lastKnownFileType = sourcecode.c.h; path = CustomCell.h; sourceTree = "<group>"; };
		A4312003179A5DFC00D1DCF9 /* CustomCell.m */ = {isa = PBXFileReference; fileEncoding = 4; lastKnownFileType = sourcecode.c.objc; path = CustomCell.m; sourceTree = "<group>"; };
		A4312031179B000200D1DCF9 /* TodoItem.h */ = {isa = PBXFileReference; fileEncoding = 4; lastKnownFileType = sourcecode.c.h; path = TodoItem.h; sourceTree = "<group>"; };
		A4312032179B000200D1DCF9 /* TodoItem.m */ = {isa = PBXFileReference; fileEncoding = 4; lastKnownFileType = sourcecode.c.objc; path = TodoItem.m; sourceTree = "<group>"; };
		A43D8F63179CE67600A03D0B /* LoginViewController.h */ = {isa = PBXFileReference; fileEncoding = 4; lastKnownFileType = sourcecode.c.h; path = LoginViewController.h; sourceTree = "<group>"; };
		A43D8F64179CE67600A03D0B /* LoginViewController.m */ = {isa = PBXFileReference; fileEncoding = 4; lastKnownFileType = sourcecode.c.objc; path = LoginViewController.m; sourceTree = "<group>"; };
		A45EB1E8179B1EBC00779739 /* Box.png */ = {isa = PBXFileReference; lastKnownFileType = image.png; name = Box.png; path = Images/Box.png; sourceTree = "<group>"; };
		A45EB1E9179B1EBC00779739 /* CheckMark.png */ = {isa = PBXFileReference; lastKnownFileType = image.png; name = CheckMark.png; path = Images/CheckMark.png; sourceTree = "<group>"; };
		A47D736C179C648F007E194D /* CHANGELOG.md */ = {isa = PBXFileReference; fileEncoding = 4; lastKnownFileType = text; path = CHANGELOG.md; sourceTree = "<group>"; };
		A47D736E179C648F007E194D /* AFHTTPClient+StackMob.h */ = {isa = PBXFileReference; fileEncoding = 4; lastKnownFileType = sourcecode.c.h; path = "AFHTTPClient+StackMob.h"; sourceTree = "<group>"; };
		A47D736F179C648F007E194D /* AFHTTPRequestOperation+RemoveContentType.h */ = {isa = PBXFileReference; fileEncoding = 4; lastKnownFileType = sourcecode.c.h; path = "AFHTTPRequestOperation+RemoveContentType.h"; sourceTree = "<group>"; };
		A47D7371179C648F007E194D /* AFHTTPClient.h */ = {isa = PBXFileReference; fileEncoding = 4; lastKnownFileType = sourcecode.c.h; path = AFHTTPClient.h; sourceTree = "<group>"; };
		A47D7372179C648F007E194D /* AFHTTPRequestOperation.h */ = {isa = PBXFileReference; fileEncoding = 4; lastKnownFileType = sourcecode.c.h; path = AFHTTPRequestOperation.h; sourceTree = "<group>"; };
		A47D7373179C648F007E194D /* AFImageRequestOperation.h */ = {isa = PBXFileReference; fileEncoding = 4; lastKnownFileType = sourcecode.c.h; path = AFImageRequestOperation.h; sourceTree = "<group>"; };
		A47D7374179C648F007E194D /* AFJSONRequestOperation.h */ = {isa = PBXFileReference; fileEncoding = 4; lastKnownFileType = sourcecode.c.h; path = AFJSONRequestOperation.h; sourceTree = "<group>"; };
		A47D7375179C648F007E194D /* AFNetworkActivityIndicatorManager.h */ = {isa = PBXFileReference; fileEncoding = 4; lastKnownFileType = sourcecode.c.h; path = AFNetworkActivityIndicatorManager.h; sourceTree = "<group>"; };
		A47D7376179C648F007E194D /* AFNetworking.h */ = {isa = PBXFileReference; fileEncoding = 4; lastKnownFileType = sourcecode.c.h; path = AFNetworking.h; sourceTree = "<group>"; };
		A47D7377179C648F007E194D /* AFPropertyListRequestOperation.h */ = {isa = PBXFileReference; fileEncoding = 4; lastKnownFileType = sourcecode.c.h; path = AFPropertyListRequestOperation.h; sourceTree = "<group>"; };
		A47D7378179C648F007E194D /* AFURLConnectionOperation.h */ = {isa = PBXFileReference; fileEncoding = 4; lastKnownFileType = sourcecode.c.h; path = AFURLConnectionOperation.h; sourceTree = "<group>"; };
		A47D7379179C648F007E194D /* AFXMLRequestOperation.h */ = {isa = PBXFileReference; fileEncoding = 4; lastKnownFileType = sourcecode.c.h; path = AFXMLRequestOperation.h; sourceTree = "<group>"; };
		A47D737A179C648F007E194D /* UIImageView+AFNetworking.h */ = {isa = PBXFileReference; fileEncoding = 4; lastKnownFileType = sourcecode.c.h; path = "UIImageView+AFNetworking.h"; sourceTree = "<group>"; };
		A47D737B179C648F007E194D /* Base64EncodedStringFromData.h */ = {isa = PBXFileReference; fileEncoding = 4; lastKnownFileType = sourcecode.c.h; path = Base64EncodedStringFromData.h; sourceTree = "<group>"; };
		A47D737C179C648F007E194D /* Common.h */ = {isa = PBXFileReference; fileEncoding = 4; lastKnownFileType = sourcecode.c.h; path = Common.h; sourceTree = "<group>"; };
		A47D737D179C648F007E194D /* FileManagement.h */ = {isa = PBXFileReference; fileEncoding = 4; lastKnownFileType = sourcecode.c.h; path = FileManagement.h; sourceTree = "<group>"; };
		A47D737E179C648F007E194D /* KeychainWrapper.h */ = {isa = PBXFileReference; fileEncoding = 4; lastKnownFileType = sourcecode.c.h; path = KeychainWrapper.h; sourceTree = "<group>"; };
		A47D737F179C648F007E194D /* NSArray+Enumerable.h */ = {isa = PBXFileReference; fileEncoding = 4; lastKnownFileType = sourcecode.c.h; path = "NSArray+Enumerable.h"; sourceTree = "<group>"; };
		A47D7380179C648F007E194D /* NSDictionary+AtomicCounter.h */ = {isa = PBXFileReference; fileEncoding = 4; lastKnownFileType = sourcecode.c.h; path = "NSDictionary+AtomicCounter.h"; sourceTree = "<group>"; };
		A47D7381179C648F007E194D /* NSEntityDescription+StackMobSerialization.h */ = {isa = PBXFileReference; fileEncoding = 4; lastKnownFileType = sourcecode.c.h; path = "NSEntityDescription+StackMobSerialization.h"; sourceTree = "<group>"; };
		A47D7382179C648F007E194D /* NSManagedObject+StackMobSerialization.h */ = {isa = PBXFileReference; fileEncoding = 4; lastKnownFileType = sourcecode.c.h; path = "NSManagedObject+StackMobSerialization.h"; sourceTree = "<group>"; };
		A47D7383179C648F007E194D /* NSManagedObjectContext+Concurrency.h */ = {isa = PBXFileReference; fileEncoding = 4; lastKnownFileType = sourcecode.c.h; path = "NSManagedObjectContext+Concurrency.h"; sourceTree = "<group>"; };
		A47D7384179C648F007E194D /* SMBinaryDataConversion.h */ = {isa = PBXFileReference; fileEncoding = 4; lastKnownFileType = sourcecode.c.h; path = SMBinaryDataConversion.h; sourceTree = "<group>"; };
		A47D7385179C648F007E194D /* SMClient.h */ = {isa = PBXFileReference; fileEncoding = 4; lastKnownFileType = sourcecode.c.h; path = SMClient.h; sourceTree = "<group>"; };
		A47D7386179C648F007E194D /* SMCoreDataStore.h */ = {isa = PBXFileReference; fileEncoding = 4; lastKnownFileType = sourcecode.c.h; path = SMCoreDataStore.h; sourceTree = "<group>"; };
		A47D7387179C648F007E194D /* SMCustomCodeRequest.h */ = {isa = PBXFileReference; fileEncoding = 4; lastKnownFileType = sourcecode.c.h; path = SMCustomCodeRequest.h; sourceTree = "<group>"; };
		A47D7388179C648F007E194D /* SMDataStore+Protected.h */ = {isa = PBXFileReference; fileEncoding = 4; lastKnownFileType = sourcecode.c.h; path = "SMDataStore+Protected.h"; sourceTree = "<group>"; };
		A47D7389179C648F007E194D /* SMDataStore.h */ = {isa = PBXFileReference; fileEncoding = 4; lastKnownFileType = sourcecode.c.h; path = SMDataStore.h; sourceTree = "<group>"; };
		A47D738A179C648F007E194D /* SMError.h */ = {isa = PBXFileReference; fileEncoding = 4; lastKnownFileType = sourcecode.c.h; path = SMError.h; sourceTree = "<group>"; };
		A47D738B179C648F007E194D /* SMGeoPoint.h */ = {isa = PBXFileReference; fileEncoding = 4; lastKnownFileType = sourcecode.c.h; path = SMGeoPoint.h; sourceTree = "<group>"; };
		A47D738C179C648F007E194D /* SMIncrementalStore+Query.h */ = {isa = PBXFileReference; fileEncoding = 4; lastKnownFileType = sourcecode.c.h; path = "SMIncrementalStore+Query.h"; sourceTree = "<group>"; };
		A47D738D179C648F007E194D /* SMIncrementalStore.h */ = {isa = PBXFileReference; fileEncoding = 4; lastKnownFileType = sourcecode.c.h; path = SMIncrementalStore.h; sourceTree = "<group>"; };
		A47D738E179C648F007E194D /* SMIncrementalStoreNode.h */ = {isa = PBXFileReference; fileEncoding = 4; lastKnownFileType = sourcecode.c.h; path = SMIncrementalStoreNode.h; sourceTree = "<group>"; };
		A47D738F179C648F007E194D /* SMJSONRequestOperation.h */ = {isa = PBXFileReference; fileEncoding = 4; lastKnownFileType = sourcecode.c.h; path = SMJSONRequestOperation.h; sourceTree = "<group>"; };
		A47D7390179C648F007E194D /* SMLocationManager.h */ = {isa = PBXFileReference; fileEncoding = 4; lastKnownFileType = sourcecode.c.h; path = SMLocationManager.h; sourceTree = "<group>"; };
		A47D7391179C648F007E194D /* SMNetworkReachability.h */ = {isa = PBXFileReference; fileEncoding = 4; lastKnownFileType = sourcecode.c.h; path = SMNetworkReachability.h; sourceTree = "<group>"; };
		A47D7392179C648F007E194D /* SMOAuth1Client.h */ = {isa = PBXFileReference; fileEncoding = 4; lastKnownFileType = sourcecode.c.h; path = SMOAuth1Client.h; sourceTree = "<group>"; };
		A47D7393179C648F007E194D /* SMOAuth2Client.h */ = {isa = PBXFileReference; fileEncoding = 4; lastKnownFileType = sourcecode.c.h; path = SMOAuth2Client.h; sourceTree = "<group>"; };
		A47D7394179C648F007E194D /* SMPredicate.h */ = {isa = PBXFileReference; fileEncoding = 4; lastKnownFileType = sourcecode.c.h; path = SMPredicate.h; sourceTree = "<group>"; };
		A47D7395179C648F007E194D /* SMPushClient.h */ = {isa = PBXFileReference; fileEncoding = 4; lastKnownFileType = sourcecode.c.h; path = SMPushClient.h; sourceTree = "<group>"; };
		A47D7396179C648F007E194D /* SMPushToken.h */ = {isa = PBXFileReference; fileEncoding = 4; lastKnownFileType = sourcecode.c.h; path = SMPushToken.h; sourceTree = "<group>"; };
		A47D7397179C648F007E194D /* SMQuery.h */ = {isa = PBXFileReference; fileEncoding = 4; lastKnownFileType = sourcecode.c.h; path = SMQuery.h; sourceTree = "<group>"; };
		A47D7398179C648F007E194D /* SMRequestOptions.h */ = {isa = PBXFileReference; fileEncoding = 4; lastKnownFileType = sourcecode.c.h; path = SMRequestOptions.h; sourceTree = "<group>"; };
		A47D7399179C648F007E194D /* SMResponseBlocks.h */ = {isa = PBXFileReference; fileEncoding = 4; lastKnownFileType = sourcecode.c.h; path = SMResponseBlocks.h; sourceTree = "<group>"; };
		A47D739A179C648F007E194D /* SMSyncedObject.h */ = {isa = PBXFileReference; fileEncoding = 4; lastKnownFileType = sourcecode.c.h; path = SMSyncedObject.h; sourceTree = "<group>"; };
		A47D739B179C648F007E194D /* SMUserManagedObject.h */ = {isa = PBXFileReference; fileEncoding = 4; lastKnownFileType = sourcecode.c.h; path = SMUserManagedObject.h; sourceTree = "<group>"; };
		A47D739C179C648F007E194D /* SMUserSession.h */ = {isa = PBXFileReference; fileEncoding = 4; lastKnownFileType = sourcecode.c.h; path = SMUserSession.h; sourceTree = "<group>"; };
		A47D739D179C648F007E194D /* SMVersion.h */ = {isa = PBXFileReference; fileEncoding = 4; lastKnownFileType = sourcecode.c.h; path = SMVersion.h; sourceTree = "<group>"; };
		A47D739E179C648F007E194D /* StackMob.h */ = {isa = PBXFileReference; fileEncoding = 4; lastKnownFileType = sourcecode.c.h; path = StackMob.h; sourceTree = "<group>"; };
		A47D739F179C648F007E194D /* StackMobPush.h */ = {isa = PBXFileReference; fileEncoding = 4; lastKnownFileType = sourcecode.c.h; path = StackMobPush.h; sourceTree = "<group>"; };
		A47D73A0179C648F007E194D /* Synchronization.h */ = {isa = PBXFileReference; fileEncoding = 4; lastKnownFileType = sourcecode.c.h; path = Synchronization.h; sourceTree = "<group>"; };
		A47D73A1179C648F007E194D /* SystemInformation.h */ = {isa = PBXFileReference; fileEncoding = 4; lastKnownFileType = sourcecode.c.h; path = SystemInformation.h; sourceTree = "<group>"; };
		A47D73A2179C648F007E194D /* libstackmob-v2.0.0.a */ = {isa = PBXFileReference; lastKnownFileType = archive.ar; path = "libstackmob-v2.0.0.a"; sourceTree = "<group>"; };
		A47D73A5179C64B3007E194D /* MobileCoreServices.framework */ = {isa = PBXFileReference; lastKnownFileType = wrapper.framework; name = MobileCoreServices.framework; path = System/Library/Frameworks/MobileCoreServices.framework; sourceTree = SDKROOT; };
		A47D73A7179C64BE007E194D /* Security.framework */ = {isa = PBXFileReference; lastKnownFileType = wrapper.framework; name = Security.framework; path = System/Library/Frameworks/Security.framework; sourceTree = SDKROOT; };
		A47D73A9179C64C9007E194D /* SystemConfiguration.framework */ = {isa = PBXFileReference; lastKnownFileType = wrapper.framework; name = SystemConfiguration.framework; path = System/Library/Frameworks/SystemConfiguration.framework; sourceTree = SDKROOT; };
		A47D73AB179C6671007E194D /* CoreLocation.framework */ = {isa = PBXFileReference; lastKnownFileType = wrapper.framework; name = CoreLocation.framework; path = System/Library/Frameworks/CoreLocation.framework; sourceTree = SDKROOT; };
		A47D73D8179C9A0C007E194D /* User.h */ = {isa = PBXFileReference; fileEncoding = 4; lastKnownFileType = sourcecode.c.h; path = User.h; sourceTree = "<group>"; };
		A47D73D9179C9A0C007E194D /* User.m */ = {isa = PBXFileReference; fileEncoding = 4; lastKnownFileType = sourcecode.c.objc; path = User.m; sourceTree = "<group>"; };
/* End PBXFileReference section */

/* Begin PBXFrameworksBuildPhase section */
		A41218051798F18C000CAEC8 /* Frameworks */ = {
			isa = PBXFrameworksBuildPhase;
			buildActionMask = 2147483647;
			files = (
				A47D73AC179C6671007E194D /* CoreLocation.framework in Frameworks */,
				A47D73AA179C64C9007E194D /* SystemConfiguration.framework in Frameworks */,
				A47D73A8179C64BE007E194D /* Security.framework in Frameworks */,
				A47D73A6179C64B3007E194D /* MobileCoreServices.framework in Frameworks */,
				A412180C1798F18C000CAEC8 /* UIKit.framework in Frameworks */,
				A412180E1798F18C000CAEC8 /* Foundation.framework in Frameworks */,
				A41218101798F18C000CAEC8 /* CoreGraphics.framework in Frameworks */,
				A41218121798F18C000CAEC8 /* CoreData.framework in Frameworks */,
				A47D73A4179C648F007E194D /* libstackmob-v2.0.0.a in Frameworks */,
			);
			runOnlyForDeploymentPostprocessing = 0;
		};
/* End PBXFrameworksBuildPhase section */

/* Begin PBXGroup section */
		A41217FF1798F18C000CAEC8 = {
			isa = PBXGroup;
			children = (
				A47D73AB179C6671007E194D /* CoreLocation.framework */,
				A47D73A9179C64C9007E194D /* SystemConfiguration.framework */,
				A47D73A7179C64BE007E194D /* Security.framework */,
				A47D73A5179C64B3007E194D /* MobileCoreServices.framework */,
				A47D736B179C648F007E194D /* StackMob-v2.0.0 */,
				A41218131798F18C000CAEC8 /* ToDoApp */,
				A412180A1798F18C000CAEC8 /* Frameworks */,
				A41218091798F18C000CAEC8 /* Products */,
			);
			sourceTree = "<group>";
		};
		A41218091798F18C000CAEC8 /* Products */ = {
			isa = PBXGroup;
			children = (
				A41218081798F18C000CAEC8 /* ToDoApp.app */,
			);
			name = Products;
			sourceTree = "<group>";
		};
		A412180A1798F18C000CAEC8 /* Frameworks */ = {
			isa = PBXGroup;
			children = (
				A412180B1798F18C000CAEC8 /* UIKit.framework */,
				A412180D1798F18C000CAEC8 /* Foundation.framework */,
				A412180F1798F18C000CAEC8 /* CoreGraphics.framework */,
				A41218111798F18C000CAEC8 /* CoreData.framework */,
			);
			name = Frameworks;
			sourceTree = "<group>";
		};
		A41218131798F18C000CAEC8 /* ToDoApp */ = {
			isa = PBXGroup;
			children = (
				A4311FFE179A4BA000D1DCF9 /* Resources */,
				A412181C1798F18C000CAEC8 /* AppDelegate.h */,
				A412181D1798F18C000CAEC8 /* AppDelegate.m */,
				A41218251798F18C000CAEC8 /* MainStoryboard.storyboard */,
				A43D8F63179CE67600A03D0B /* LoginViewController.h */,
				A43D8F64179CE67600A03D0B /* LoginViewController.m */,
				A4312002179A5DFC00D1DCF9 /* CustomCell.h */,
				A4312003179A5DFC00D1DCF9 /* CustomCell.m */,
				A412182B1798F18C000CAEC8 /* MasterViewController.h */,
				A412182C1798F18C000CAEC8 /* MasterViewController.m */,
				A412182E1798F18C000CAEC8 /* DetailViewController.h */,
				A412182F1798F18C000CAEC8 /* DetailViewController.m */,
				A41218281798F18C000CAEC8 /* ToDoApp.xcdatamodeld */,
				A47D73D8179C9A0C007E194D /* User.h */,
				A47D73D9179C9A0C007E194D /* User.m */,
				A4312031179B000200D1DCF9 /* TodoItem.h */,
				A4312032179B000200D1DCF9 /* TodoItem.m */,
				A41218141798F18C000CAEC8 /* Supporting Files */,
			);
			path = ToDoApp;
			sourceTree = "<group>";
		};
		A41218141798F18C000CAEC8 /* Supporting Files */ = {
			isa = PBXGroup;
			children = (
				A41218151798F18C000CAEC8 /* ToDoApp-Info.plist */,
				A41218161798F18C000CAEC8 /* InfoPlist.strings */,
				A41218191798F18C000CAEC8 /* main.m */,
				A412181B1798F18C000CAEC8 /* ToDoApp-Prefix.pch */,
				A412181F1798F18C000CAEC8 /* Default.png */,
				A41218211798F18C000CAEC8 /* Default@2x.png */,
				A41218231798F18C000CAEC8 /* Default-568h@2x.png */,
			);
			name = "Supporting Files";
			sourceTree = "<group>";
		};
		A4311FFE179A4BA000D1DCF9 /* Resources */ = {
			isa = PBXGroup;
			children = (
				A4311FFF179A4BA900D1DCF9 /* Images */,
			);
			name = Resources;
			sourceTree = "<group>";
		};
		A4311FFF179A4BA900D1DCF9 /* Images */ = {
			isa = PBXGroup;
			children = (
				A45EB1E8179B1EBC00779739 /* Box.png */,
				A45EB1E9179B1EBC00779739 /* CheckMark.png */,
				A4312000179A4BB100D1DCF9 /* NotePad.png */,
			);
			name = Images;
			sourceTree = "<group>";
		};
		A47D736B179C648F007E194D /* StackMob-v2.0.0 */ = {
			isa = PBXGroup;
			children = (
				A47D736C179C648F007E194D /* CHANGELOG.md */,
				A47D736D179C648F007E194D /* Headers */,
				A47D73A2179C648F007E194D /* libstackmob-v2.0.0.a */,
			);
			path = "StackMob-v2.0.0";
			sourceTree = "<group>";
		};
		A47D736D179C648F007E194D /* Headers */ = {
			isa = PBXGroup;
			children = (
				A47D736E179C648F007E194D /* AFHTTPClient+StackMob.h */,
				A47D736F179C648F007E194D /* AFHTTPRequestOperation+RemoveContentType.h */,
				A47D7370179C648F007E194D /* AFNetworking */,
				A47D737B179C648F007E194D /* Base64EncodedStringFromData.h */,
				A47D737C179C648F007E194D /* Common.h */,
				A47D737D179C648F007E194D /* FileManagement.h */,
				A47D737E179C648F007E194D /* KeychainWrapper.h */,
				A47D737F179C648F007E194D /* NSArray+Enumerable.h */,
				A47D7380179C648F007E194D /* NSDictionary+AtomicCounter.h */,
				A47D7381179C648F007E194D /* NSEntityDescription+StackMobSerialization.h */,
				A47D7382179C648F007E194D /* NSManagedObject+StackMobSerialization.h */,
				A47D7383179C648F007E194D /* NSManagedObjectContext+Concurrency.h */,
				A47D7384179C648F007E194D /* SMBinaryDataConversion.h */,
				A47D7385179C648F007E194D /* SMClient.h */,
				A47D7386179C648F007E194D /* SMCoreDataStore.h */,
				A47D7387179C648F007E194D /* SMCustomCodeRequest.h */,
				A47D7388179C648F007E194D /* SMDataStore+Protected.h */,
				A47D7389179C648F007E194D /* SMDataStore.h */,
				A47D738A179C648F007E194D /* SMError.h */,
				A47D738B179C648F007E194D /* SMGeoPoint.h */,
				A47D738C179C648F007E194D /* SMIncrementalStore+Query.h */,
				A47D738D179C648F007E194D /* SMIncrementalStore.h */,
				A47D738E179C648F007E194D /* SMIncrementalStoreNode.h */,
				A47D738F179C648F007E194D /* SMJSONRequestOperation.h */,
				A47D7390179C648F007E194D /* SMLocationManager.h */,
				A47D7391179C648F007E194D /* SMNetworkReachability.h */,
				A47D7392179C648F007E194D /* SMOAuth1Client.h */,
				A47D7393179C648F007E194D /* SMOAuth2Client.h */,
				A47D7394179C648F007E194D /* SMPredicate.h */,
				A47D7395179C648F007E194D /* SMPushClient.h */,
				A47D7396179C648F007E194D /* SMPushToken.h */,
				A47D7397179C648F007E194D /* SMQuery.h */,
				A47D7398179C648F007E194D /* SMRequestOptions.h */,
				A47D7399179C648F007E194D /* SMResponseBlocks.h */,
				A47D739A179C648F007E194D /* SMSyncedObject.h */,
				A47D739B179C648F007E194D /* SMUserManagedObject.h */,
				A47D739C179C648F007E194D /* SMUserSession.h */,
				A47D739D179C648F007E194D /* SMVersion.h */,
				A47D739E179C648F007E194D /* StackMob.h */,
				A47D739F179C648F007E194D /* StackMobPush.h */,
				A47D73A0179C648F007E194D /* Synchronization.h */,
				A47D73A1179C648F007E194D /* SystemInformation.h */,
			);
			path = Headers;
			sourceTree = "<group>";
		};
		A47D7370179C648F007E194D /* AFNetworking */ = {
			isa = PBXGroup;
			children = (
				A47D7371179C648F007E194D /* AFHTTPClient.h */,
				A47D7372179C648F007E194D /* AFHTTPRequestOperation.h */,
				A47D7373179C648F007E194D /* AFImageRequestOperation.h */,
				A47D7374179C648F007E194D /* AFJSONRequestOperation.h */,
				A47D7375179C648F007E194D /* AFNetworkActivityIndicatorManager.h */,
				A47D7376179C648F007E194D /* AFNetworking.h */,
				A47D7377179C648F007E194D /* AFPropertyListRequestOperation.h */,
				A47D7378179C648F007E194D /* AFURLConnectionOperation.h */,
				A47D7379179C648F007E194D /* AFXMLRequestOperation.h */,
				A47D737A179C648F007E194D /* UIImageView+AFNetworking.h */,
			);
			path = AFNetworking;
			sourceTree = "<group>";
		};
/* End PBXGroup section */

/* Begin PBXNativeTarget section */
		A41218071798F18C000CAEC8 /* ToDoApp */ = {
			isa = PBXNativeTarget;
			buildConfigurationList = A41218331798F18C000CAEC8 /* Build configuration list for PBXNativeTarget "ToDoApp" */;
			buildPhases = (
				A41218041798F18C000CAEC8 /* Sources */,
				A41218051798F18C000CAEC8 /* Frameworks */,
				A41218061798F18C000CAEC8 /* Resources */,
			);
			buildRules = (
			);
			dependencies = (
			);
			name = ToDoApp;
			productName = ToDoApp;
			productReference = A41218081798F18C000CAEC8 /* ToDoApp.app */;
			productType = "com.apple.product-type.application";
		};
/* End PBXNativeTarget section */

/* Begin PBXProject section */
		A41218001798F18C000CAEC8 /* Project object */ = {
			isa = PBXProject;
			attributes = {
				LastUpgradeCheck = 0460;
				ORGANIZATIONNAME = Vadim;
			};
			buildConfigurationList = A41218031798F18C000CAEC8 /* Build configuration list for PBXProject "ToDoApp" */;
			compatibilityVersion = "Xcode 3.2";
			developmentRegion = English;
			hasScannedForEncodings = 0;
			knownRegions = (
				en,
			);
			mainGroup = A41217FF1798F18C000CAEC8;
			productRefGroup = A41218091798F18C000CAEC8 /* Products */;
			projectDirPath = "";
			projectRoot = "";
			targets = (
				A41218071798F18C000CAEC8 /* ToDoApp */,
			);
		};
/* End PBXProject section */

/* Begin PBXResourcesBuildPhase section */
		A41218061798F18C000CAEC8 /* Resources */ = {
			isa = PBXResourcesBuildPhase;
			buildActionMask = 2147483647;
			files = (
				A41218181798F18C000CAEC8 /* InfoPlist.strings in Resources */,
				A41218201798F18C000CAEC8 /* Default.png in Resources */,
				A41218221798F18C000CAEC8 /* Default@2x.png in Resources */,
				A41218241798F18C000CAEC8 /* Default-568h@2x.png in Resources */,
				A41218271798F18C000CAEC8 /* MainStoryboard.storyboard in Resources */,
				A4312001179A4BB100D1DCF9 /* NotePad.png in Resources */,
				A45EB1EA179B1EBC00779739 /* Box.png in Resources */,
				A45EB1EB179B1EBC00779739 /* CheckMark.png in Resources */,
				A47D73A3179C648F007E194D /* CHANGELOG.md in Resources */,
			);
			runOnlyForDeploymentPostprocessing = 0;
		};
/* End PBXResourcesBuildPhase section */

/* Begin PBXSourcesBuildPhase section */
		A41218041798F18C000CAEC8 /* Sources */ = {
			isa = PBXSourcesBuildPhase;
			buildActionMask = 2147483647;
			files = (
				A412181A1798F18C000CAEC8 /* main.m in Sources */,
				A412181E1798F18C000CAEC8 /* AppDelegate.m in Sources */,
				A412182A1798F18C000CAEC8 /* ToDoApp.xcdatamodeld in Sources */,
				A412182D1798F18C000CAEC8 /* MasterViewController.m in Sources */,
				A41218301798F18C000CAEC8 /* DetailViewController.m in Sources */,
				A4312004179A5DFC00D1DCF9 /* CustomCell.m in Sources */,
				A4312033179B000200D1DCF9 /* TodoItem.m in Sources */,
				A47D73DA179C9A0C007E194D /* User.m in Sources */,
				A43D8F65179CE67600A03D0B /* LoginViewController.m in Sources */,
			);
			runOnlyForDeploymentPostprocessing = 0;
		};
/* End PBXSourcesBuildPhase section */

/* Begin PBXVariantGroup section */
		A41218161798F18C000CAEC8 /* InfoPlist.strings */ = {
			isa = PBXVariantGroup;
			children = (
				A41218171798F18C000CAEC8 /* en */,
			);
			name = InfoPlist.strings;
			sourceTree = "<group>";
		};
		A41218251798F18C000CAEC8 /* MainStoryboard.storyboard */ = {
			isa = PBXVariantGroup;
			children = (
				A41218261798F18C000CAEC8 /* en */,
			);
			name = MainStoryboard.storyboard;
			sourceTree = "<group>";
		};
/* End PBXVariantGroup section */

/* Begin XCBuildConfiguration section */
		A41218311798F18C000CAEC8 /* Debug */ = {
			isa = XCBuildConfiguration;
			buildSettings = {
				ALWAYS_SEARCH_USER_PATHS = NO;
				CLANG_CXX_LANGUAGE_STANDARD = "gnu++0x";
				CLANG_CXX_LIBRARY = "libc++";
				CLANG_ENABLE_OBJC_ARC = YES;
				CLANG_WARN_CONSTANT_CONVERSION = YES;
				CLANG_WARN_EMPTY_BODY = YES;
				CLANG_WARN_ENUM_CONVERSION = YES;
				CLANG_WARN_INT_CONVERSION = YES;
				CLANG_WARN__DUPLICATE_METHOD_MATCH = YES;
				"CODE_SIGN_IDENTITY[sdk=iphoneos*]" = "iPhone Developer";
				COPY_PHASE_STRIP = NO;
				GCC_C_LANGUAGE_STANDARD = gnu99;
				GCC_DYNAMIC_NO_PIC = NO;
				GCC_OPTIMIZATION_LEVEL = 0;
				GCC_PREPROCESSOR_DEFINITIONS = (
					"DEBUG=1",
					"$(inherited)",
				);
				GCC_SYMBOLS_PRIVATE_EXTERN = NO;
				GCC_WARN_ABOUT_RETURN_TYPE = YES;
				GCC_WARN_UNINITIALIZED_AUTOS = YES;
				GCC_WARN_UNUSED_VARIABLE = YES;
				IPHONEOS_DEPLOYMENT_TARGET = 6.1;
				ONLY_ACTIVE_ARCH = YES;
				SDKROOT = iphoneos;
			};
			name = Debug;
		};
		A41218321798F18C000CAEC8 /* Release */ = {
			isa = XCBuildConfiguration;
			buildSettings = {
				ALWAYS_SEARCH_USER_PATHS = NO;
				CLANG_CXX_LANGUAGE_STANDARD = "gnu++0x";
				CLANG_CXX_LIBRARY = "libc++";
				CLANG_ENABLE_OBJC_ARC = YES;
				CLANG_WARN_CONSTANT_CONVERSION = YES;
				CLANG_WARN_EMPTY_BODY = YES;
				CLANG_WARN_ENUM_CONVERSION = YES;
				CLANG_WARN_INT_CONVERSION = YES;
				CLANG_WARN__DUPLICATE_METHOD_MATCH = YES;
				"CODE_SIGN_IDENTITY[sdk=iphoneos*]" = "iPhone Developer";
				COPY_PHASE_STRIP = YES;
				GCC_C_LANGUAGE_STANDARD = gnu99;
				GCC_WARN_ABOUT_RETURN_TYPE = YES;
				GCC_WARN_UNINITIALIZED_AUTOS = YES;
				GCC_WARN_UNUSED_VARIABLE = YES;
				IPHONEOS_DEPLOYMENT_TARGET = 6.1;
				OTHER_CFLAGS = "-DNS_BLOCK_ASSERTIONS=1";
				SDKROOT = iphoneos;
				VALIDATE_PRODUCT = YES;
			};
			name = Release;
		};
		A41218341798F18C000CAEC8 /* Debug */ = {
			isa = XCBuildConfiguration;
			buildSettings = {
				GCC_PRECOMPILE_PREFIX_HEADER = YES;
				GCC_PREFIX_HEADER = "ToDoApp/ToDoApp-Prefix.pch";
				INFOPLIST_FILE = "ToDoApp/ToDoApp-Info.plist";
				LIBRARY_SEARCH_PATHS = (
					"$(inherited)",
					"\"$(SRCROOT)/StackMob-v2.0.0\"",
				);
				OTHER_LDFLAGS = "-ObjC";
				PRODUCT_NAME = "$(TARGET_NAME)";
				WRAPPER_EXTENSION = app;
			};
			name = Debug;
		};
		A41218351798F18C000CAEC8 /* Release */ = {
			isa = XCBuildConfiguration;
			buildSettings = {
				GCC_PRECOMPILE_PREFIX_HEADER = YES;
				GCC_PREFIX_HEADER = "ToDoApp/ToDoApp-Prefix.pch";
				INFOPLIST_FILE = "ToDoApp/ToDoApp-Info.plist";
				LIBRARY_SEARCH_PATHS = (
					"$(inherited)",
					"\"$(SRCROOT)/StackMob-v2.0.0\"",
				);
				OTHER_LDFLAGS = "-ObjC";
				PRODUCT_NAME = "$(TARGET_NAME)";
				WRAPPER_EXTENSION = app;
			};
			name = Release;
		};
/* End XCBuildConfiguration section */

/* Begin XCConfigurationList section */
		A41218031798F18C000CAEC8 /* Build configuration list for PBXProject "ToDoApp" */ = {
			isa = XCConfigurationList;
			buildConfigurations = (
				A41218311798F18C000CAEC8 /* Debug */,
				A41218321798F18C000CAEC8 /* Release */,
			);
			defaultConfigurationIsVisible = 0;
			defaultConfigurationName = Release;
		};
		A41218331798F18C000CAEC8 /* Build configuration list for PBXNativeTarget "ToDoApp" */ = {
			isa = XCConfigurationList;
			buildConfigurations = (
				A41218341798F18C000CAEC8 /* Debug */,
				A41218351798F18C000CAEC8 /* Release */,
			);
			defaultConfigurationIsVisible = 0;
			defaultConfigurationName = Release;
		};
/* End XCConfigurationList section */

/* Begin XCVersionGroup section */
		A41218281798F18C000CAEC8 /* ToDoApp.xcdatamodeld */ = {
			isa = XCVersionGroup;
			children = (
				A41218291798F18C000CAEC8 /* ToDoApp.xcdatamodel */,
			);
			currentVersion = A41218291798F18C000CAEC8 /* ToDoApp.xcdatamodel */;
			path = ToDoApp.xcdatamodeld;
			sourceTree = "<group>";
			versionGroupType = wrapper.xcdatamodel;
		};
/* End XCVersionGroup section */
	};
	rootObject = A41218001798F18C000CAEC8 /* Project object */;
}
